
Microsoft Visual Studio Solution File, Format Version 12.00
# Visual Studio 15
VisualStudioVersion = 15.0.26730.16
MinimumVisualStudioVersion = 10.0.40219.1
Project("{FAE04EC0-301F-11D3-BF4B-00C04F79EFBC}") = "MiddlewareTechbash", "MiddlewareTechbash\MiddlewareTechbash.csproj", "{C4C0978F-DF2C-49EA-9442-3A0701F05B1F}"
EndProject
Global
	GlobalSection(SolutionConfigurationPlatforms) = preSolution
		Debug|Any CPU = Debug|Any CPU
		Release|Any CPU = Release|Any CPU
	EndGlobalSection
	GlobalSection(ProjectConfigurationPlatforms) = postSolution
		{C4C0978F-DF2C-49EA-9442-3A0701F05B1F}.Debug|Any CPU.ActiveCfg = Debug|Any CPU
		{C4C0978F-DF2C-49EA-9442-3A0701F05B1F}.Debug|Any CPU.Build.0 = Debug|Any CPU
		{C4C0978F-DF2C-49EA-9442-3A0701F05B1F}.Release|Any CPU.ActiveCfg = Release|Any CPU
		{C4C0978F-DF2C-49EA-9442-3A0701F05B1F}.Release|Any CPU.Build.0 = Release|Any CPU
	EndGlobalSection
	GlobalSection(SolutionProperties) = preSolution
		HideSolutionNode = FALSE
	EndGlobalSection
	GlobalSection(ExtensibilityGlobals) = postSolution
		SolutionGuid = {A0E00ADA-3C5E-4139-88A3-8036FD52B70B}
	EndGlobalSection
EndGlobal
